
Microsoft Visual Studio Solution File, Format Version 12.00
# Visual Studio Version 17
VisualStudioVersion = 17.5.33414.496
MinimumVisualStudioVersion = 10.0.40219.1
Project("{9A19103F-16F7-4668-BE54-9A1E7A4F7556}") = "DevEmporium.Presentation", "DevEmporium.Presentation\DevEmporium.Presentation.csproj", "{0AB6B31B-82FA-4E39-8FC5-BA8A60C2ED2D}"
EndProject
Project("{FAE04EC0-301F-11D3-BF4B-00C04F79EFBC}") = "DevEmporium.Domain", "DevEmporium.Domain\DevEmporium.Domain.csproj", "{A4E19807-5B90-498D-91CA-2DADC714FCE0}"
EndProject
Project("{9A19103F-16F7-4668-BE54-9A1E7A4F7556}") = "Chevalier.Utility", "..\D05-Web2209A\Utility\Chevalier.Utility\Chevalier.Utility.csproj", "{A6495C2C-A544-4E22-89F2-3D32077A7F89}"
EndProject
Project("{FAE04EC0-301F-11D3-BF4B-00C04F79EFBC}") = "DevEmporium.Application", "DevEmporium.Application\DevEmporium.Application.csproj", "{09B2A9E6-1928-4088-95CA-2AC3E6C4B232}"
EndProject
Project("{FAE04EC0-301F-11D3-BF4B-00C04F79EFBC}") = "DevEmporium.Persistence", "DevEmporium.Persistence\DevEmporium.Persistence.csproj", "{702D5764-6D30-4324-8262-035E740BD433}"
EndProject
Global
	GlobalSection(SolutionConfigurationPlatforms) = preSolution
		Debug|Any CPU = Debug|Any CPU
		Release|Any CPU = Release|Any CPU
	EndGlobalSection
	GlobalSection(ProjectConfigurationPlatforms) = postSolution
		{0AB6B31B-82FA-4E39-8FC5-BA8A60C2ED2D}.Debug|Any CPU.ActiveCfg = Debug|Any CPU
		{0AB6B31B-82FA-4E39-8FC5-BA8A60C2ED2D}.Debug|Any CPU.Build.0 = Debug|Any CPU
		{0AB6B31B-82FA-4E39-8FC5-BA8A60C2ED2D}.Release|Any CPU.ActiveCfg = Release|Any CPU
		{0AB6B31B-82FA-4E39-8FC5-BA8A60C2ED2D}.Release|Any CPU.Build.0 = Release|Any CPU
		{A4E19807-5B90-498D-91CA-2DADC714FCE0}.Debug|Any CPU.ActiveCfg = Debug|Any CPU
		{A4E19807-5B90-498D-91CA-2DADC714FCE0}.Debug|Any CPU.Build.0 = Debug|Any CPU
		{A4E19807-5B90-498D-91CA-2DADC714FCE0}.Release|Any CPU.ActiveCfg = Release|Any CPU
		{A4E19807-5B90-498D-91CA-2DADC714FCE0}.Release|Any CPU.Build.0 = Release|Any CPU
		{A6495C2C-A544-4E22-89F2-3D32077A7F89}.Debug|Any CPU.ActiveCfg = Debug|Any CPU
		{A6495C2C-A544-4E22-89F2-3D32077A7F89}.Debug|Any CPU.Build.0 = Debug|Any CPU
		{A6495C2C-A544-4E22-89F2-3D32077A7F89}.Release|Any CPU.ActiveCfg = Release|Any CPU
		{A6495C2C-A544-4E22-89F2-3D32077A7F89}.Release|Any CPU.Build.0 = Release|Any CPU
		{09B2A9E6-1928-4088-95CA-2AC3E6C4B232}.Debug|Any CPU.ActiveCfg = Debug|Any CPU
		{09B2A9E6-1928-4088-95CA-2AC3E6C4B232}.Debug|Any CPU.Build.0 = Debug|Any CPU
		{09B2A9E6-1928-4088-95CA-2AC3E6C4B232}.Release|Any CPU.ActiveCfg = Release|Any CPU
		{09B2A9E6-1928-4088-95CA-2AC3E6C4B232}.Release|Any CPU.Build.0 = Release|Any CPU
		{702D5764-6D30-4324-8262-035E740BD433}.Debug|Any CPU.ActiveCfg = Debug|Any CPU
		{702D5764-6D30-4324-8262-035E740BD433}.Debug|Any CPU.Build.0 = Debug|Any CPU
		{702D5764-6D30-4324-8262-035E740BD433}.Release|Any CPU.ActiveCfg = Release|Any CPU
		{702D5764-6D30-4324-8262-035E740BD433}.Release|Any CPU.Build.0 = Release|Any CPU
	EndGlobalSection
	GlobalSection(SolutionProperties) = preSolution
		HideSolutionNode = FALSE
	EndGlobalSection
	GlobalSection(ExtensibilityGlobals) = postSolution
		SolutionGuid = {C5306DCF-E1BA-4AF1-8DDF-B343393BDA9C}
	EndGlobalSection
EndGlobal
