
Microsoft Visual Studio Solution File, Format Version 12.00
# Visual Studio Version 17
VisualStudioVersion = 17.3.32922.545
MinimumVisualStudioVersion = 10.0.40219.1
Project("{9A19103F-16F7-4668-BE54-9A1E7A4F7556}") = "store_shopping_app", "store_shopping_app.csproj", "{2CAB3AAF-D14C-4436-91ED-006CF157C949}"
EndProject
Global
	GlobalSection(SolutionConfigurationPlatforms) = preSolution
		Debug|Any CPU = Debug|Any CPU
		Release|Any CPU = Release|Any CPU
	EndGlobalSection
	GlobalSection(ProjectConfigurationPlatforms) = postSolution
		{2CAB3AAF-D14C-4436-91ED-006CF157C949}.Debug|Any CPU.ActiveCfg = Debug|Any CPU
		{2CAB3AAF-D14C-4436-91ED-006CF157C949}.Debug|Any CPU.Build.0 = Debug|Any CPU
		{2CAB3AAF-D14C-4436-91ED-006CF157C949}.Release|Any CPU.ActiveCfg = Release|Any CPU
		{2CAB3AAF-D14C-4436-91ED-006CF157C949}.Release|Any CPU.Build.0 = Release|Any CPU
	EndGlobalSection
	GlobalSection(SolutionProperties) = preSolution
		HideSolutionNode = FALSE
	EndGlobalSection
	GlobalSection(ExtensibilityGlobals) = postSolution
		SolutionGuid = {09086D0F-E867-4B1F-BF8F-29820117E0A0}
	EndGlobalSection
EndGlobal
